// !$*UTF8*$!
{
	archiveVersion = 1;
	classes = {
	};
	objectVersion = 46;
	objects = {

/* Begin PBXBuildFile section */
		5DD5D70A1A2F649400543FF5 /* main.m in Sources */ = {isa = PBXBuildFile; fileRef = 5DD5D7091A2F649400543FF5 /* main.m */; };
		5DD5D70D1A2F649400543FF5 /* AppDelegate.m in Sources */ = {isa = PBXBuildFile; fileRef = 5DD5D70C1A2F649400543FF5 /* AppDelegate.m */; };
		5DD5D7101A2F649400543FF5 /* ViewController.m in Sources */ = {isa = PBXBuildFile; fileRef = 5DD5D70F1A2F649400543FF5 /* ViewController.m */; };
		5DD5D7131A2F649400543FF5 /* Main.storyboard in Resources */ = {isa = PBXBuildFile; fileRef = 5DD5D7111A2F649400543FF5 /* Main.storyboard */; };
		5DD5D7151A2F649400543FF5 /* Images.xcassets in Resources */ = {isa = PBXBuildFile; fileRef = 5DD5D7141A2F649400543FF5 /* Images.xcassets */; };
		5DD5D7181A2F649400543FF5 /* LaunchScreen.xib in Resources */ = {isa = PBXBuildFile; fileRef = 5DD5D7161A2F649400543FF5 /* LaunchScreen.xib */; };
		5DD5D7241A2F649400543FF5 /* CFStreamPraTests.m in Sources */ = {isa = PBXBuildFile; fileRef = 5DD5D7231A2F649400543FF5 /* CFStreamPraTests.m */; };
/* End PBXBuildFile section */

/* Begin PBXContainerItemProxy section */
		5DD5D71E1A2F649400543FF5 /* PBXContainerItemProxy */ = {
			isa = PBXContainerItemProxy;
			containerPortal = 5DD5D6FC1A2F649400543FF5 /* Project object */;
			proxyType = 1;
			remoteGlobalIDString = 5DD5D7031A2F649400543FF5;
			remoteInfo = CFStreamPra;
		};
/* End PBXContainerItemProxy section */

/* Begin PBXFileReference section */
		5DD5D7041A2F649400543FF5 /* CFStreamPra.app */ = {isa = PBXFileReference; explicitFileType = wrapper.application; includeInIndex = 0; path = CFStreamPra.app; sourceTree = BUILT_PRODUCTS_DIR; };
		5DD5D7081A2F649400543FF5 /* Info.plist */ = {isa = PBXFileReference; lastKnownFileType = text.plist.xml; path = Info.plist; sourceTree = "<group>"; };
		5DD5D7091A2F649400543FF5 /* main.m */ = {isa = PBXFileReference; lastKnownFileType = sourcecode.c.objc; path = main.m; sourceTree = "<group>"; };
		5DD5D70B1A2F649400543FF5 /* AppDelegate.h */ = {isa = PBXFileReference; lastKnownFileType = sourcecode.c.h; path = AppDelegate.h; sourceTree = "<group>"; };
		5DD5D70C1A2F649400543FF5 /* AppDelegate.m */ = {isa = PBXFileReference; lastKnownFileType = sourcecode.c.objc; path = AppDelegate.m; sourceTree = "<group>"; };
		5DD5D70E1A2F649400543FF5 /* ViewController.h */ = {isa = PBXFileReference; lastKnownFileType = sourcecode.c.h; path = ViewController.h; sourceTree = "<group>"; };
		5DD5D70F1A2F649400543FF5 /* ViewController.m */ = {isa = PBXFileReference; lastKnownFileType = sourcecode.c.objc; path = ViewController.m; sourceTree = "<group>"; };
		5DD5D7121A2F649400543FF5 /* Base */ = {isa = PBXFileReference; lastKnownFileType = file.storyboard; name = Base; path = Base.lproj/Main.storyboard; sourceTree = "<group>"; };
		5DD5D7141A2F649400543FF5 /* Images.xcassets */ = {isa = PBXFileReference; lastKnownFileType = folder.assetcatalog; path = Images.xcassets; sourceTree = "<group>"; };
		5DD5D7171A2F649400543FF5 /* Base */ = {isa = PBXFileReference; lastKnownFileType = file.xib; name = Base; path = Base.lproj/LaunchScreen.xib; sourceTree = "<group>"; };
		5DD5D71D1A2F649400543FF5 /* CFStreamPraTests.xctest */ = {isa = PBXFileReference; explicitFileType = wrapper.cfbundle; includeInIndex = 0; path = CFStreamPraTests.xctest; sourceTree = BUILT_PRODUCTS_DIR; };
		5DD5D7221A2F649400543FF5 /* Info.plist */ = {isa = PBXFileReference; lastKnownFileType = text.plist.xml; path = Info.plist; sourceTree = "<group>"; };
		5DD5D7231A2F649400543FF5 /* CFStreamPraTests.m */ = {isa = PBXFileReference; lastKnownFileType = sourcecode.c.objc; path = CFStreamPraTests.m; sourceTree = "<group>"; };
/* End PBXFileReference section */

/* Begin PBXFrameworksBuildPhase section */
		5DD5D7011A2F649400543FF5 /* Frameworks */ = {
			isa = PBXFrameworksBuildPhase;
			buildActionMask = 2147483647;
			files = (
			);
			runOnlyForDeploymentPostprocessing = 0;
		};
		5DD5D71A1A2F649400543FF5 /* Frameworks */ = {
			isa = PBXFrameworksBuildPhase;
			buildActionMask = 2147483647;
			files = (
			);
			runOnlyForDeploymentPostprocessing = 0;
		};
/* End PBXFrameworksBuildPhase section */

/* Begin PBXGroup section */
		5DD5D6FB1A2F649400543FF5 = {
			isa = PBXGroup;
			children = (
				5DD5D7061A2F649400543FF5 /* CFStreamPra */,
				5DD5D7201A2F649400543FF5 /* CFStreamPraTests */,
				5DD5D7051A2F649400543FF5 /* Products */,
			);
			sourceTree = "<group>";
		};
		5DD5D7051A2F649400543FF5 /* Products */ = {
			isa = PBXGroup;
			children = (
				5DD5D7041A2F649400543FF5 /* CFStreamPra.app */,
				5DD5D71D1A2F649400543FF5 /* CFStreamPraTests.xctest */,
			);
			name = Products;
			sourceTree = "<group>";
		};
		5DD5D7061A2F649400543FF5 /* CFStreamPra */ = {
			isa = PBXGroup;
			children = (
				5DD5D70B1A2F649400543FF5 /* AppDelegate.h */,
				5DD5D70C1A2F649400543FF5 /* AppDelegate.m */,
				5DD5D70E1A2F649400543FF5 /* ViewController.h */,
				5DD5D70F1A2F649400543FF5 /* ViewController.m */,
				5DD5D7111A2F649400543FF5 /* Main.storyboard */,
				5DD5D7141A2F649400543FF5 /* Images.xcassets */,
				5DD5D7161A2F649400543FF5 /* LaunchScreen.xib */,
				5DD5D7071A2F649400543FF5 /* Supporting Files */,
			);
			path = CFStreamPra;
			sourceTree = "<group>";
		};
		5DD5D7071A2F649400543FF5 /* Supporting Files */ = {
			isa = PBXGroup;
			children = (
				5DD5D7081A2F649400543FF5 /* Info.plist */,
				5DD5D7091A2F649400543FF5 /* main.m */,
			);
			name = "Supporting Files";
			sourceTree = "<group>";
		};
		5DD5D7201A2F649400543FF5 /* CFStreamPraTests */ = {
			isa = PBXGroup;
			children = (
				5DD5D7231A2F649400543FF5 /* CFStreamPraTests.m */,
				5DD5D7211A2F649400543FF5 /* Supporting Files */,
			);
			path = CFStreamPraTests;
			sourceTree = "<group>";
		};
		5DD5D7211A2F649400543FF5 /* Supporting Files */ = {
			isa = PBXGroup;
			children = (
				5DD5D7221A2F649400543FF5 /* Info.plist */,
			);
			name = "Supporting Files";
			sourceTree = "<group>";
		};
/* End PBXGroup section */

/* Begin PBXNativeTarget section */
		5DD5D7031A2F649400543FF5 /* CFStreamPra */ = {
			isa = PBXNativeTarget;
			buildConfigurationList = 5DD5D7271A2F649400543FF5 /* Build configuration list for PBXNativeTarget "CFStreamPra" */;
			buildPhases = (
				5DD5D7001A2F649400543FF5 /* Sources */,
				5DD5D7011A2F649400543FF5 /* Frameworks */,
				5DD5D7021A2F649400543FF5 /* Resources */,
			);
			buildRules = (
			);
			dependencies = (
			);
			name = CFStreamPra;
			productName = CFStreamPra;
			productReference = 5DD5D7041A2F649400543FF5 /* CFStreamPra.app */;
			productType = "com.apple.product-type.application";
		};
		5DD5D71C1A2F649400543FF5 /* CFStreamPraTests */ = {
			isa = PBXNativeTarget;
			buildConfigurationList = 5DD5D72A1A2F649400543FF5 /* Build configuration list for PBXNativeTarget "CFStreamPraTests" */;
			buildPhases = (
				5DD5D7191A2F649400543FF5 /* Sources */,
				5DD5D71A1A2F649400543FF5 /* Frameworks */,
				5DD5D71B1A2F649400543FF5 /* Resources */,
			);
			buildRules = (
			);
			dependencies = (
				5DD5D71F1A2F649400543FF5 /* PBXTargetDependency */,
			);
			name = CFStreamPraTests;
			productName = CFStreamPraTests;
			productReference = 5DD5D71D1A2F649400543FF5 /* CFStreamPraTests.xctest */;
			productType = "com.apple.product-type.bundle.unit-test";
		};
/* End PBXNativeTarget section */

/* Begin PBXProject section */
		5DD5D6FC1A2F649400543FF5 /* Project object */ = {
			isa = PBXProject;
			attributes = {
				LastUpgradeCheck = 0610;
				ORGANIZATIONNAME = "庞东明";
				TargetAttributes = {
					5DD5D7031A2F649400543FF5 = {
						CreatedOnToolsVersion = 6.1;
					};
					5DD5D71C1A2F649400543FF5 = {
						CreatedOnToolsVersion = 6.1;
						TestTargetID = 5DD5D7031A2F649400543FF5;
					};
				};
			};
			buildConfigurationList = 5DD5D6FF1A2F649400543FF5 /* Build configuration list for PBXProject "CFStreamPra" */;
			compatibilityVersion = "Xcode 3.2";
			developmentRegion = English;
			hasScannedForEncodings = 0;
			knownRegions = (
				en,
				Base,
			);
			mainGroup = 5DD5D6FB1A2F649400543FF5;
			productRefGroup = 5DD5D7051A2F649400543FF5 /* Products */;
			projectDirPath = "";
			projectRoot = "";
			targets = (
				5DD5D7031A2F649400543FF5 /* CFStreamPra */,
				5DD5D71C1A2F649400543FF5 /* CFStreamPraTests */,
			);
		};
/* End PBXProject section */

/* Begin PBXResourcesBuildPhase section */
		5DD5D7021A2F649400543FF5 /* Resources */ = {
			isa = PBXResourcesBuildPhase;
			buildActionMask = 2147483647;
			files = (
				5DD5D7131A2F649400543FF5 /* Main.storyboard in Resources */,
				5DD5D7181A2F649400543FF5 /* LaunchScreen.xib in Resources */,
				5DD5D7151A2F649400543FF5 /* Images.xcassets in Resources */,
			);
			runOnlyForDeploymentPostprocessing = 0;
		};
		5DD5D71B1A2F649400543FF5 /* Resources */ = {
			isa = PBXResourcesBuildPhase;
			buildActionMask = 2147483647;
			files = (
			);
			runOnlyForDeploymentPostprocessing = 0;
		};
/* End PBXResourcesBuildPhase section */

/* Begin PBXSourcesBuildPhase section */
		5DD5D7001A2F649400543FF5 /* Sources */ = {
			isa = PBXSourcesBuildPhase;
			buildActionMask = 2147483647;
			files = (
				5DD5D7101A2F649400543FF5 /* ViewController.m in Sources */,
				5DD5D70D1A2F649400543FF5 /* AppDelegate.m in Sources */,
				5DD5D70A1A2F649400543FF5 /* main.m in Sources */,
			);
			runOnlyForDeploymentPostprocessing = 0;
		};
		5DD5D7191A2F649400543FF5 /* Sources */ = {
			isa = PBXSourcesBuildPhase;
			buildActionMask = 2147483647;
			files = (
				5DD5D7241A2F649400543FF5 /* CFStreamPraTests.m in Sources */,
			);
			runOnlyForDeploymentPostprocessing = 0;
		};
/* End PBXSourcesBuildPhase section */

/* Begin PBXTargetDependency section */
		5DD5D71F1A2F649400543FF5 /* PBXTargetDependency */ = {
			isa = PBXTargetDependency;
			target = 5DD5D7031A2F649400543FF5 /* CFStreamPra */;
			targetProxy = 5DD5D71E1A2F649400543FF5 /* PBXContainerItemProxy */;
		};
/* End PBXTargetDependency section */

/* Begin PBXVariantGroup section */
		5DD5D7111A2F649400543FF5 /* Main.storyboard */ = {
			isa = PBXVariantGroup;
			children = (
				5DD5D7121A2F649400543FF5 /* Base */,
			);
			name = Main.storyboard;
			sourceTree = "<group>";
		};
		5DD5D7161A2F649400543FF5 /* LaunchScreen.xib */ = {
			isa = PBXVariantGroup;
			children = (
				5DD5D7171A2F649400543FF5 /* Base */,
			);
			name = LaunchScreen.xib;
			sourceTree = "<group>";
		};
/* End PBXVariantGroup section */

/* Begin XCBuildConfiguration section */
		5DD5D7251A2F649400543FF5 /* Debug */ = {
			isa = XCBuildConfiguration;
			buildSettings = {
				ALWAYS_SEARCH_USER_PATHS = NO;
				CLANG_CXX_LANGUAGE_STANDARD = "gnu++0x";
				CLANG_CXX_LIBRARY = "libc++";
				CLANG_ENABLE_MODULES = YES;
				CLANG_ENABLE_OBJC_ARC = YES;
				CLANG_WARN_BOOL_CONVERSION = YES;
				CLANG_WARN_CONSTANT_CONVERSION = YES;
				CLANG_WARN_DIRECT_OBJC_ISA_USAGE = YES_ERROR;
				CLANG_WARN_EMPTY_BODY = YES;
				CLANG_WARN_ENUM_CONVERSION = YES;
				CLANG_WARN_INT_CONVERSION = YES;
				CLANG_WARN_OBJC_ROOT_CLASS = YES_ERROR;
				CLANG_WARN_UNREACHABLE_CODE = YES;
				CLANG_WARN__DUPLICATE_METHOD_MATCH = YES;
				"CODE_SIGN_IDENTITY[sdk=iphoneos*]" = "iPhone Developer";
				COPY_PHASE_STRIP = NO;
				ENABLE_STRICT_OBJC_MSGSEND = YES;
				GCC_C_LANGUAGE_STANDARD = gnu99;
				GCC_DYNAMIC_NO_PIC = NO;
				GCC_OPTIMIZATION_LEVEL = 0;
				GCC_PREPROCESSOR_DEFINITIONS = (
					"DEBUG=1",
					"$(inherited)",
				);
				GCC_SYMBOLS_PRIVATE_EXTERN = NO;
				GCC_WARN_64_TO_32_BIT_CONVERSION = YES;
				GCC_WARN_ABOUT_RETURN_TYPE = YES_ERROR;
				GCC_WARN_UNDECLARED_SELECTOR = YES;
				GCC_WARN_UNINITIALIZED_AUTOS = YES_AGGRESSIVE;
				GCC_WARN_UNUSED_FUNCTION = YES;
				GCC_WARN_UNUSED_VARIABLE = YES;
				IPHONEOS_DEPLOYMENT_TARGET = 8.1;
				MTL_ENABLE_DEBUG_INFO = YES;
				ONLY_ACTIVE_ARCH = YES;
				SDKROOT = iphoneos;
			};
			name = Debug;
		};
		5DD5D7261A2F649400543FF5 /* Release */ = {
			isa = XCBuildConfiguration;
			buildSettings = {
				ALWAYS_SEARCH_USER_PATHS = NO;
				CLANG_CXX_LANGUAGE_STANDARD = "gnu++0x";
				CLANG_CXX_LIBRARY = "libc++";
				CLANG_ENABLE_MODULES = YES;
				CLANG_ENABLE_OBJC_ARC = YES;
				CLANG_WARN_BOOL_CONVERSION = YES;
				CLANG_WARN_CONSTANT_CONVERSION = YES;
				CLANG_WARN_DIRECT_OBJC_ISA_USAGE = YES_ERROR;
				CLANG_WARN_EMPTY_BODY = YES;
				CLANG_WARN_ENUM_CONVERSION = YES;
				CLANG_WARN_INT_CONVERSION = YES;
				CLANG_WARN_OBJC_ROOT_CLASS = YES_ERROR;
				CLANG_WARN_UNREACHABLE_CODE = YES;
				CLANG_WARN__DUPLICATE_METHOD_MATCH = YES;
				"CODE_SIGN_IDENTITY[sdk=iphoneos*]" = "iPhone Developer";
				COPY_PHASE_STRIP = YES;
				ENABLE_NS_ASSERTIONS = NO;
				ENABLE_STRICT_OBJC_MSGSEND = YES;
				GCC_C_LANGUAGE_STANDARD = gnu99;
				GCC_WARN_64_TO_32_BIT_CONVERSION = YES;
				GCC_WARN_ABOUT_RETURN_TYPE = YES_ERROR;
				GCC_WARN_UNDECLARED_SELECTOR = YES;
				GCC_WARN_UNINITIALIZED_AUTOS = YES_AGGRESSIVE;
				GCC_WARN_UNUSED_FUNCTION = YES;
				GCC_WARN_UNUSED_VARIABLE = YES;
				IPHONEOS_DEPLOYMENT_TARGET = 8.1;
				MTL_ENABLE_DEBUG_INFO = NO;
				SDKROOT = iphoneos;
				VALIDATE_PRODUCT = YES;
			};
			name = Release;
		};
		5DD5D7281A2F649400543FF5 /* Debug */ = {
			isa = XCBuildConfiguration;
			buildSettings = {
				ASSETCATALOG_COMPILER_APPICON_NAME = AppIcon;
				INFOPLIST_FILE = CFStreamPra/Info.plist;
				LD_RUNPATH_SEARCH_PATHS = "$(inherited) @executable_path/Frameworks";
				PRODUCT_NAME = "$(TARGET_NAME)";
			};
			name = Debug;
		};
		5DD5D7291A2F649400543FF5 /* Release */ = {
			isa = XCBuildConfiguration;
			buildSettings = {
				ASSETCATALOG_COMPILER_APPICON_NAME = AppIcon;
				INFOPLIST_FILE = CFStreamPra/Info.plist;
				LD_RUNPATH_SEARCH_PATHS = "$(inherited) @executable_path/Frameworks";
				PRODUCT_NAME = "$(TARGET_NAME)";
			};
			name = Release;
		};
		5DD5D72B1A2F649400543FF5 /* Debug */ = {
			isa = XCBuildConfiguration;
			buildSettings = {
				BUNDLE_LOADER = "$(TEST_HOST)";
				FRAMEWORK_SEARCH_PATHS = (
					"$(SDKROOT)/Developer/Library/Frameworks",
					"$(inherited)",
				);
				GCC_PREPROCESSOR_DEFINITIONS = (
					"DEBUG=1",
					"$(inherited)",
				);
				INFOPLIST_FILE = CFStreamPraTests/Info.plist;
				LD_RUNPATH_SEARCH_PATHS = "$(inherited) @executable_path/Frameworks @loader_path/Frameworks";
				PRODUCT_NAME = "$(TARGET_NAME)";
				TEST_HOST = "$(BUILT_PRODUCTS_DIR)/CFStreamPra.app/CFStreamPra";
			};
			name = Debug;
		};
		5DD5D72C1A2F649400543FF5 /* Release */ = {
			isa = XCBuildConfiguration;
			buildSettings = {
				BUNDLE_LOADER = "$(TEST_HOST)";
				FRAMEWORK_SEARCH_PATHS = (
					"$(SDKROOT)/Developer/Library/Frameworks",
					"$(inherited)",
				);
				INFOPLIST_FILE = CFStreamPraTests/Info.plist;
				LD_RUNPATH_SEARCH_PATHS = "$(inherited) @executable_path/Frameworks @loader_path/Frameworks";
				PRODUCT_NAME = "$(TARGET_NAME)";
				TEST_HOST = "$(BUILT_PRODUCTS_DIR)/CFStreamPra.app/CFStreamPra";
			};
			name = Release;
		};
/* End XCBuildConfiguration section */

/* Begin XCConfigurationList section */
		5DD5D6FF1A2F649400543FF5 /* Build configuration list for PBXProject "CFStreamPra" */ = {
			isa = XCConfigurationList;
			buildConfigurations = (
				5DD5D7251A2F649400543FF5 /* Debug */,
				5DD5D7261A2F649400543FF5 /* Release */,
			);
			defaultConfigurationIsVisible = 0;
			defaultConfigurationName = Release;
		};
		5DD5D7271A2F649400543FF5 /* Build configuration list for PBXNativeTarget "CFStreamPra" */ = {
			isa = XCConfigurationList;
			buildConfigurations = (
				5DD5D7281A2F649400543FF5 /* Debug */,
				5DD5D7291A2F649400543FF5 /* Release */,
			);
			defaultConfigurationIsVisible = 0;
		};
		5DD5D72A1A2F649400543FF5 /* Build configuration list for PBXNativeTarget "CFStreamPraTests" */ = {
			isa = XCConfigurationList;
			buildConfigurations = (
				5DD5D72B1A2F649400543FF5 /* Debug */,
				5DD5D72C1A2F649400543FF5 /* Release */,
			);
			defaultConfigurationIsVisible = 0;
		};
/* End XCConfigurationList section */
	};
	rootObject = 5DD5D6FC1A2F649400543FF5 /* Project object */;
}
